
Microsoft Visual Studio Solution File, Format Version 12.00
# Visual Studio Version 17
VisualStudioVersion = 17.4.33122.133
MinimumVisualStudioVersion = 10.0.40219.1
Project("{FAE04EC0-301F-11D3-BF4B-00C04F79EFBC}") = "SimpleWebApi", "SimpleWebApi\SimpleWebApi.csproj", "{BD197B0C-C1D8-4896-B15D-0013775401BD}"
EndProject
Global
	GlobalSection(SolutionConfigurationPlatforms) = preSolution
		Debug|Any CPU = Debug|Any CPU
		Release|Any CPU = Release|Any CPU
	EndGlobalSection
	GlobalSection(ProjectConfigurationPlatforms) = postSolution
		{BD197B0C-C1D8-4896-B15D-0013775401BD}.Debug|Any CPU.ActiveCfg = Debug|Any CPU
		{BD197B0C-C1D8-4896-B15D-0013775401BD}.Debug|Any CPU.Build.0 = Debug|Any CPU
		{BD197B0C-C1D8-4896-B15D-0013775401BD}.Release|Any CPU.ActiveCfg = Release|Any CPU
		{BD197B0C-C1D8-4896-B15D-0013775401BD}.Release|Any CPU.Build.0 = Release|Any CPU
	EndGlobalSection
	GlobalSection(SolutionProperties) = preSolution
		HideSolutionNode = FALSE
	EndGlobalSection
	GlobalSection(ExtensibilityGlobals) = postSolution
		SolutionGuid = {D6D072A7-7B37-462A-A3DE-F1A6AA958125}
	EndGlobalSection
EndGlobal
